
Microsoft Visual Studio Solution File, Format Version 12.00
# Visual Studio Version 16
VisualStudioVersion = 16.0.31410.357
MinimumVisualStudioVersion = 10.0.40219.1
Project("{FAE04EC0-301F-11D3-BF4B-00C04F79EFBC}") = "Lesson7", "Lesson7\Lesson7.csproj", "{1641BBF3-D156-4004-B33A-C7CE67922B4E}"
EndProject
Global
	GlobalSection(SolutionConfigurationPlatforms) = preSolution
		Debug|Any CPU = Debug|Any CPU
		Release|Any CPU = Release|Any CPU
	EndGlobalSection
	GlobalSection(ProjectConfigurationPlatforms) = postSolution
		{1641BBF3-D156-4004-B33A-C7CE67922B4E}.Debug|Any CPU.ActiveCfg = Debug|Any CPU
		{1641BBF3-D156-4004-B33A-C7CE67922B4E}.Debug|Any CPU.Build.0 = Debug|Any CPU
		{1641BBF3-D156-4004-B33A-C7CE67922B4E}.Release|Any CPU.ActiveCfg = Release|Any CPU
		{1641BBF3-D156-4004-B33A-C7CE67922B4E}.Release|Any CPU.Build.0 = Release|Any CPU
	EndGlobalSection
	GlobalSection(SolutionProperties) = preSolution
		HideSolutionNode = FALSE
	EndGlobalSection
	GlobalSection(ExtensibilityGlobals) = postSolution
		SolutionGuid = {94A3D52A-BB8B-40C1-BF57-95F351A60E07}
	EndGlobalSection
EndGlobal
